
Microsoft Visual Studio Solution File, Format Version 12.00
# Visual Studio Version 16
VisualStudioVersion = 16.0.30320.27
MinimumVisualStudioVersion = 10.0.40219.1
Project("{FAE04EC0-301F-11D3-BF4B-00C04F79EFBC}") = "EmployeeManagement", "EmployeeManagement.csproj", "{B7460C9F-3FC2-4AAB-A1A6-09CA54775024}"
EndProject
Global
	GlobalSection(SolutionConfigurationPlatforms) = preSolution
		Debug|Any CPU = Debug|Any CPU
		Release|Any CPU = Release|Any CPU
	EndGlobalSection
	GlobalSection(ProjectConfigurationPlatforms) = postSolution
		{B7460C9F-3FC2-4AAB-A1A6-09CA54775024}.Debug|Any CPU.ActiveCfg = Debug|Any CPU
		{B7460C9F-3FC2-4AAB-A1A6-09CA54775024}.Debug|Any CPU.Build.0 = Debug|Any CPU
		{B7460C9F-3FC2-4AAB-A1A6-09CA54775024}.Release|Any CPU.ActiveCfg = Release|Any CPU
		{B7460C9F-3FC2-4AAB-A1A6-09CA54775024}.Release|Any CPU.Build.0 = Release|Any CPU
	EndGlobalSection
	GlobalSection(SolutionProperties) = preSolution
		HideSolutionNode = FALSE
	EndGlobalSection
	GlobalSection(ExtensibilityGlobals) = postSolution
		SolutionGuid = {3C621F27-B797-4663-B2D6-B57EB9C6E2FD}
	EndGlobalSection
EndGlobal
